
Microsoft Visual Studio Solution File, Format Version 12.00
# Visual Studio Version 17
VisualStudioVersion = 17.3.32819.101
MinimumVisualStudioVersion = 10.0.40219.1
Project("{FAE04EC0-301F-11D3-BF4B-00C04F79EFBC}") = "organicstore", "organicstore.csproj", "{18FFEE0D-6CB4-40F2-8C18-A63F0F4EA65C}"
EndProject
Global
	GlobalSection(SolutionConfigurationPlatforms) = preSolution
		Debug|Any CPU = Debug|Any CPU
		Release|Any CPU = Release|Any CPU
	EndGlobalSection
	GlobalSection(ProjectConfigurationPlatforms) = postSolution
		{18FFEE0D-6CB4-40F2-8C18-A63F0F4EA65C}.Debug|Any CPU.ActiveCfg = Debug|Any CPU
		{18FFEE0D-6CB4-40F2-8C18-A63F0F4EA65C}.Debug|Any CPU.Build.0 = Debug|Any CPU
		{18FFEE0D-6CB4-40F2-8C18-A63F0F4EA65C}.Release|Any CPU.ActiveCfg = Release|Any CPU
		{18FFEE0D-6CB4-40F2-8C18-A63F0F4EA65C}.Release|Any CPU.Build.0 = Release|Any CPU
	EndGlobalSection
	GlobalSection(SolutionProperties) = preSolution
		HideSolutionNode = FALSE
	EndGlobalSection
	GlobalSection(ExtensibilityGlobals) = postSolution
		SolutionGuid = {DE70C0E9-5D13-4509-B082-736C53CFC609}
	EndGlobalSection
EndGlobal
